
Microsoft Visual Studio Solution File, Format Version 12.00
# Visual Studio Version 17
VisualStudioVersion = 17.5.002.0
MinimumVisualStudioVersion = 10.0.40219.1
Project("{9A19103F-16F7-4668-BE54-9A1E7A4F7556}") = "DateIdeas.Backend", "DateIdeas.Backend\DateIdeas.Backend.csproj", "{878E4FF6-4B17-46BB-89B5-00D11C51622D}"
EndProject
Global
	GlobalSection(SolutionConfigurationPlatforms) = preSolution
		Debug|Any CPU = Debug|Any CPU
		Release|Any CPU = Release|Any CPU
	EndGlobalSection
	GlobalSection(ProjectConfigurationPlatforms) = postSolution
		{878E4FF6-4B17-46BB-89B5-00D11C51622D}.Debug|Any CPU.ActiveCfg = Debug|Any CPU
		{878E4FF6-4B17-46BB-89B5-00D11C51622D}.Debug|Any CPU.Build.0 = Debug|Any CPU
		{878E4FF6-4B17-46BB-89B5-00D11C51622D}.Release|Any CPU.ActiveCfg = Release|Any CPU
		{878E4FF6-4B17-46BB-89B5-00D11C51622D}.Release|Any CPU.Build.0 = Release|Any CPU
	EndGlobalSection
	GlobalSection(SolutionProperties) = preSolution
		HideSolutionNode = FALSE
	EndGlobalSection
	GlobalSection(ExtensibilityGlobals) = postSolution
		SolutionGuid = {1742E53F-80BE-4C6C-A9D9-98082EEDD5BB}
	EndGlobalSection
EndGlobal
